
Microsoft Visual Studio Solution File, Format Version 12.00
# Visual Studio Version 17
VisualStudioVersion = 17.10.35013.160
MinimumVisualStudioVersion = 10.0.40219.1
Project("{FAE04EC0-301F-11D3-BF4B-00C04F79EFBC}") = "BENWinForms", "BENWinForms\BENWinForms.csproj", "{1A585120-3C70-4708-A290-64EB18439A79}"
EndProject
Global
	GlobalSection(SolutionConfigurationPlatforms) = preSolution
		Debug|Any CPU = Debug|Any CPU
		Release|Any CPU = Release|Any CPU
	EndGlobalSection
	GlobalSection(ProjectConfigurationPlatforms) = postSolution
		{1A585120-3C70-4708-A290-64EB18439A79}.Debug|Any CPU.ActiveCfg = Debug|Any CPU
		{1A585120-3C70-4708-A290-64EB18439A79}.Debug|Any CPU.Build.0 = Debug|Any CPU
		{1A585120-3C70-4708-A290-64EB18439A79}.Release|Any CPU.ActiveCfg = Release|Any CPU
		{1A585120-3C70-4708-A290-64EB18439A79}.Release|Any CPU.Build.0 = Release|Any CPU
	EndGlobalSection
	GlobalSection(SolutionProperties) = preSolution
		HideSolutionNode = FALSE
	EndGlobalSection
	GlobalSection(ExtensibilityGlobals) = postSolution
		SolutionGuid = {D1C1A2C8-FFDB-42DF-B90B-7A2262932D10}
	EndGlobalSection
EndGlobal
